{
  "name": "markov",
  "version": "1.0.0",
  "lockfileVersion": 2,
  "requires": true,
  "packages": {
    "": {
      "name": "markov",
      "version": "1.0.0",
      "license": "ISC",
      "dependencies": {
        "axios": "^0.22.0",
        "string-strip-html": "^9.0.2"
      }
    },
    "node_modules/@babel/runtime": {
      "version": "7.15.4",
      "resolved": "https://registry.npmjs.org/@babel/runtime/-/runtime-7.15.4.tgz",
      "integrity": "sha512-99catp6bHCaxr4sJ/DbTGgHS4+Rs2RVd2g7iOap6SLGPDknRK9ztKNsE/Fg6QhSeh1FGE5f6gHGQmvvn3I3xhw==",
      "dependencies": {
        "regenerator-runtime": "^0.13.4"
      },
      "engines": {
        "node": ">=6.9.0"
      }
    },
    "node_modules/axios": {
      "version": "0.22.0",
      "resolved": "https://registry.npmjs.org/axios/-/axios-0.22.0.tgz",
      "integrity": "sha512-Z0U3uhqQeg1oNcihswf4ZD57O3NrR1+ZXhxaROaWpDmsDTx7T2HNBV2ulBtie2hwJptu8UvgnJoK+BIqdzh/1w==",
      "dependencies": {
        "follow-redirects": "^1.14.4"
      }
    },
    "node_modules/follow-redirects": {
      "version": "1.14.4",
      "resolved": "https://registry.npmjs.org/follow-redirects/-/follow-redirects-1.14.4.tgz",
      "integrity": "sha512-zwGkiSXC1MUJG/qmeIFH2HBJx9u0V46QGUe3YR1fXG8bXQxq7fLj0RjLZQ5nubr9qNJUZrH+xUcwXEoXNpfS+g==",
      "funding": [
        {
          "type": "individual",
          "url": "https://github.com/sponsors/RubenVerborgh"
        }
      ],
      "engines": {
        "node": ">=4.0"
      },
      "peerDependenciesMeta": {
        "debug": {
          "optional": true
        }
      }
    },
    "node_modules/html-entities": {
      "version": "2.3.2",
      "resolved": "https://registry.npmjs.org/html-entities/-/html-entities-2.3.2.tgz",
      "integrity": "sha512-c3Ab/url5ksaT0WyleslpBEthOzWhrjQbg75y7XUsfSzi3Dgzt0l8w5e7DylRn15MTlMMD58dTfzddNS2kcAjQ=="
    },
    "node_modules/lodash.clonedeep": {
      "version": "4.5.0",
      "resolved": "https://registry.npmjs.org/lodash.clonedeep/-/lodash.clonedeep-4.5.0.tgz",
      "integrity": "sha1-4j8/nE+Pvd6HJSnBBxhXoIblzO8="
    },
    "node_modules/lodash.isplainobject": {
      "version": "4.0.6",
      "resolved": "https://registry.npmjs.org/lodash.isplainobject/-/lodash.isplainobject-4.0.6.tgz",
      "integrity": "sha1-fFJqUtibRcRcxpC4gWO+BJf1UMs="
    },
    "node_modules/lodash.trim": {
      "version": "4.5.1",
      "resolved": "https://registry.npmjs.org/lodash.trim/-/lodash.trim-4.5.1.tgz",
      "integrity": "sha1-NkJefukL5KpeJ7zruFt9EepHqlc="
    },
    "node_modules/lodash.without": {
      "version": "4.4.0",
      "resolved": "https://registry.npmjs.org/lodash.without/-/lodash.without-4.4.0.tgz",
      "integrity": "sha1-PNRXSgC2e643OpS3SHcmQFB7eqw="
    },
    "node_modules/ranges-apply": {
      "version": "6.0.2",
      "resolved": "https://registry.npmjs.org/ranges-apply/-/ranges-apply-6.0.2.tgz",
      "integrity": "sha512-2zrBQCjTc4q+0DchJuDcpA3jg2t7V1gjkRO3wwzA8tnJZiEs1i+C008nypxiEG+WuNjPpmPVo9oWOxa0U0lWTg==",
      "dependencies": {
        "@babel/runtime": "^7.15.4",
        "ranges-merge": "^8.0.2"
      },
      "engines": {
        "node": ">=12"
      }
    },
    "node_modules/ranges-merge": {
      "version": "8.0.2",
      "resolved": "https://registry.npmjs.org/ranges-merge/-/ranges-merge-8.0.2.tgz",
      "integrity": "sha512-T3SX88noj76ga0knuVizWEwmrWy+9cqQh30SGqsDkC9425aPW6v6puznNhOPgtQxGw/kOrLHvVhTwVGzsZi0Mg==",
      "dependencies": {
        "@babel/runtime": "^7.15.4",
        "ranges-push": "^6.0.2",
        "ranges-sort": "^5.0.2"
      },
      "engines": {
        "node": ">=12"
      }
    },
    "node_modules/ranges-push": {
      "version": "6.0.2",
      "resolved": "https://registry.npmjs.org/ranges-push/-/ranges-push-6.0.2.tgz",
      "integrity": "sha512-o4w0CVStf4jSd5TDodW9a53Ptr7eoXkBiH/OZnMNV2ck9T0Isqy6o4+TvINmnQLs94Tf4HvnAjgO9IZrPDCaVQ==",
      "dependencies": {
        "@babel/runtime": "^7.15.4",
        "string-collapse-leading-whitespace": "^6.0.2",
        "string-trim-spaces-only": "^4.0.2"
      },
      "engines": {
        "node": ">=12"
      }
    },
    "node_modules/ranges-sort": {
      "version": "5.0.2",
      "resolved": "https://registry.npmjs.org/ranges-sort/-/ranges-sort-5.0.2.tgz",
      "integrity": "sha512-2VUwqHc0sQslL/9tPUpxuRaoLoJo94mIbLFxCjW47DmKdpC5pQ6fUgJjAsvSDKV/8bYxclT2KV6zMkHw3++/mQ==",
      "dependencies": {
        "@babel/runtime": "^7.15.4"
      },
      "engines": {
        "node": ">=12"
      }
    },
    "node_modules/regenerator-runtime": {
      "version": "0.13.9",
      "resolved": "https://registry.npmjs.org/regenerator-runtime/-/regenerator-runtime-0.13.9.tgz",
      "integrity": "sha512-p3VT+cOEgxFsRRA9X4lkI1E+k2/CtnKtU4gcxyaCUreilL/vqI6CdZ3wxVUx3UOUg+gnUOQQcRI7BmSI656MYA=="
    },
    "node_modules/string-collapse-leading-whitespace": {
      "version": "6.0.2",
      "resolved": "https://registry.npmjs.org/string-collapse-leading-whitespace/-/string-collapse-leading-whitespace-6.0.2.tgz",
      "integrity": "sha512-5sC2utn7kC+X6DJ9KZK9sqWv5L4W5BwpUHuHlIg8aQAYNZxS+KAM9HdmUy3SZlDpSx1dyFiLxVR0sbDnHnixPg==",
      "dependencies": {
        "@babel/runtime": "^7.15.4"
      },
      "engines": {
        "node": ">=12"
      }
    },
    "node_modules/string-left-right": {
      "version": "5.0.2",
      "resolved": "https://registry.npmjs.org/string-left-right/-/string-left-right-5.0.2.tgz",
      "integrity": "sha512-mF0/YwwZ4gXOfXxdycZfYabYoKQvPUK1JLxfbVygCtaEbfKjgooTcAuEwoExQp+Ls3Li+4dUhA0Rrhxcx4SWSw==",
      "dependencies": {
        "@babel/runtime": "^7.15.4",
        "lodash.clonedeep": "^4.5.0",
        "lodash.isplainobject": "^4.0.6"
      },
      "engines": {
        "node": ">=12"
      }
    },
    "node_modules/string-strip-html": {
      "version": "9.0.2",
      "resolved": "https://registry.npmjs.org/string-strip-html/-/string-strip-html-9.0.2.tgz",
      "integrity": "sha512-XSw2tZ+i+ZQfEIw8TJHEOySkSzMOJHxQowmH8L3V3+b12jmKhvE0qNJdtONPTFuHn42RC0qj6VQQ8AsRXVLAbA==",
      "dependencies": {
        "@babel/runtime": "^7.15.4",
        "html-entities": "^2.3.2",
        "lodash.isplainobject": "^4.0.6",
        "lodash.trim": "^4.5.1",
        "lodash.without": "^4.4.0",
        "ranges-apply": "^6.0.2",
        "ranges-push": "^6.0.2",
        "string-left-right": "^5.0.2"
      },
      "engines": {
        "node": ">=12"
      }
    },
    "node_modules/string-trim-spaces-only": {
      "version": "4.0.2",
      "resolved": "https://registry.npmjs.org/string-trim-spaces-only/-/string-trim-spaces-only-4.0.2.tgz",
      "integrity": "sha512-Z4ktcmVw/TVupmFdRwk1hINJzahRYS/VE9rifdOxeWcKzM5NZmNOpiyFQ0c6PRpVdB23021ZTUZNZhhX1RW/CA==",
      "dependencies": {
        "@babel/runtime": "^7.15.4"
      },
      "engines": {
        "node": ">=12"
      }
    }
  },
  "dependencies": {
    "@babel/runtime": {
      "version": "7.15.4",
      "resolved": "https://registry.npmjs.org/@babel/runtime/-/runtime-7.15.4.tgz",
      "integrity": "sha512-99catp6bHCaxr4sJ/DbTGgHS4+Rs2RVd2g7iOap6SLGPDknRK9ztKNsE/Fg6QhSeh1FGE5f6gHGQmvvn3I3xhw==",
      "requires": {
        "regenerator-runtime": "^0.13.4"
      }
    },
    "axios": {
      "version": "0.22.0",
      "resolved": "https://registry.npmjs.org/axios/-/axios-0.22.0.tgz",
      "integrity": "sha512-Z0U3uhqQeg1oNcihswf4ZD57O3NrR1+ZXhxaROaWpDmsDTx7T2HNBV2ulBtie2hwJptu8UvgnJoK+BIqdzh/1w==",
      "requires": {
        "follow-redirects": "^1.14.4"
      }
    },
    "follow-redirects": {
      "version": "1.14.4",
      "resolved": "https://registry.npmjs.org/follow-redirects/-/follow-redirects-1.14.4.tgz",
      "integrity": "sha512-zwGkiSXC1MUJG/qmeIFH2HBJx9u0V46QGUe3YR1fXG8bXQxq7fLj0RjLZQ5nubr9qNJUZrH+xUcwXEoXNpfS+g=="
    },
    "html-entities": {
      "version": "2.3.2",
      "resolved": "https://registry.npmjs.org/html-entities/-/html-entities-2.3.2.tgz",
      "integrity": "sha512-c3Ab/url5ksaT0WyleslpBEthOzWhrjQbg75y7XUsfSzi3Dgzt0l8w5e7DylRn15MTlMMD58dTfzddNS2kcAjQ=="
    },
    "lodash.clonedeep": {
      "version": "4.5.0",
      "resolved": "https://registry.npmjs.org/lodash.clonedeep/-/lodash.clonedeep-4.5.0.tgz",
      "integrity": "sha1-4j8/nE+Pvd6HJSnBBxhXoIblzO8="
    },
    "lodash.isplainobject": {
      "version": "4.0.6",
      "resolved": "https://registry.npmjs.org/lodash.isplainobject/-/lodash.isplainobject-4.0.6.tgz",
      "integrity": "sha1-fFJqUtibRcRcxpC4gWO+BJf1UMs="
    },
    "lodash.trim": {
      "version": "4.5.1",
      "resolved": "https://registry.npmjs.org/lodash.trim/-/lodash.trim-4.5.1.tgz",
      "integrity": "sha1-NkJefukL5KpeJ7zruFt9EepHqlc="
    },
    "lodash.without": {
      "version": "4.4.0",
      "resolved": "https://registry.npmjs.org/lodash.without/-/lodash.without-4.4.0.tgz",
      "integrity": "sha1-PNRXSgC2e643OpS3SHcmQFB7eqw="
    },
    "ranges-apply": {
      "version": "6.0.2",
      "resolved": "https://registry.npmjs.org/ranges-apply/-/ranges-apply-6.0.2.tgz",
      "integrity": "sha512-2zrBQCjTc4q+0DchJuDcpA3jg2t7V1gjkRO3wwzA8tnJZiEs1i+C008nypxiEG+WuNjPpmPVo9oWOxa0U0lWTg==",
      "requires": {
        "@babel/runtime": "^7.15.4",
        "ranges-merge": "^8.0.2"
      }
    },
    "ranges-merge": {
      "version": "8.0.2",
      "resolved": "https://registry.npmjs.org/ranges-merge/-/ranges-merge-8.0.2.tgz",
      "integrity": "sha512-T3SX88noj76ga0knuVizWEwmrWy+9cqQh30SGqsDkC9425aPW6v6puznNhOPgtQxGw/kOrLHvVhTwVGzsZi0Mg==",
      "requires": {
        "@babel/runtime": "^7.15.4",
        "ranges-push": "^6.0.2",
        "ranges-sort": "^5.0.2"
      }
    },
    "ranges-push": {
      "version": "6.0.2",
      "resolved": "https://registry.npmjs.org/ranges-push/-/ranges-push-6.0.2.tgz",
      "integrity": "sha512-o4w0CVStf4jSd5TDodW9a53Ptr7eoXkBiH/OZnMNV2ck9T0Isqy6o4+TvINmnQLs94Tf4HvnAjgO9IZrPDCaVQ==",
      "requires": {
        "@babel/runtime": "^7.15.4",
        "string-collapse-leading-whitespace": "^6.0.2",
        "string-trim-spaces-only": "^4.0.2"
      }
    },
    "ranges-sort": {
      "version": "5.0.2",
      "resolved": "https://registry.npmjs.org/ranges-sort/-/ranges-sort-5.0.2.tgz",
      "integrity": "sha512-2VUwqHc0sQslL/9tPUpxuRaoLoJo94mIbLFxCjW47DmKdpC5pQ6fUgJjAsvSDKV/8bYxclT2KV6zMkHw3++/mQ==",
      "requires": {
        "@babel/runtime": "^7.15.4"
      }
    },
    "regenerator-runtime": {
      "version": "0.13.9",
      "resolved": "https://registry.npmjs.org/regenerator-runtime/-/regenerator-runtime-0.13.9.tgz",
      "integrity": "sha512-p3VT+cOEgxFsRRA9X4lkI1E+k2/CtnKtU4gcxyaCUreilL/vqI6CdZ3wxVUx3UOUg+gnUOQQcRI7BmSI656MYA=="
    },
    "string-collapse-leading-whitespace": {
      "version": "6.0.2",
      "resolved": "https://registry.npmjs.org/string-collapse-leading-whitespace/-/string-collapse-leading-whitespace-6.0.2.tgz",
      "integrity": "sha512-5sC2utn7kC+X6DJ9KZK9sqWv5L4W5BwpUHuHlIg8aQAYNZxS+KAM9HdmUy3SZlDpSx1dyFiLxVR0sbDnHnixPg==",
      "requires": {
        "@babel/runtime": "^7.15.4"
      }
    },
    "string-left-right": {
      "version": "5.0.2",
      "resolved": "https://registry.npmjs.org/string-left-right/-/string-left-right-5.0.2.tgz",
      "integrity": "sha512-mF0/YwwZ4gXOfXxdycZfYabYoKQvPUK1JLxfbVygCtaEbfKjgooTcAuEwoExQp+Ls3Li+4dUhA0Rrhxcx4SWSw==",
      "requires": {
        "@babel/runtime": "^7.15.4",
        "lodash.clonedeep": "^4.5.0",
        "lodash.isplainobject": "^4.0.6"
      }
    },
    "string-strip-html": {
      "version": "9.0.2",
      "resolved": "https://registry.npmjs.org/string-strip-html/-/string-strip-html-9.0.2.tgz",
      "integrity": "sha512-XSw2tZ+i+ZQfEIw8TJHEOySkSzMOJHxQowmH8L3V3+b12jmKhvE0qNJdtONPTFuHn42RC0qj6VQQ8AsRXVLAbA==",
      "requires": {
        "@babel/runtime": "^7.15.4",
        "html-entities": "^2.3.2",
        "lodash.isplainobject": "^4.0.6",
        "lodash.trim": "^4.5.1",
        "lodash.without": "^4.4.0",
        "ranges-apply": "^6.0.2",
        "ranges-push": "^6.0.2",
        "string-left-right": "^5.0.2"
      }
    },
    "string-trim-spaces-only": {
      "version": "4.0.2",
      "resolved": "https://registry.npmjs.org/string-trim-spaces-only/-/string-trim-spaces-only-4.0.2.tgz",
      "integrity": "sha512-Z4ktcmVw/TVupmFdRwk1hINJzahRYS/VE9rifdOxeWcKzM5NZmNOpiyFQ0c6PRpVdB23021ZTUZNZhhX1RW/CA==",
      "requires": {
        "@babel/runtime": "^7.15.4"
      }
    }
  }
}
